
Microsoft Visual Studio Solution File, Format Version 12.00
# Visual Studio Version 17
VisualStudioVersion = 17.7.34003.232
MinimumVisualStudioVersion = 10.0.40219.1
Project("{9A19103F-16F7-4668-BE54-9A1E7A4F7556}") = "TA33_01", "TA33_01.csproj", "{BA27A75D-F6A1-4B14-B26A-8E66FDB36FB4}"
EndProject
Global
	GlobalSection(SolutionConfigurationPlatforms) = preSolution
		Debug|Any CPU = Debug|Any CPU
		Release|Any CPU = Release|Any CPU
	EndGlobalSection
	GlobalSection(ProjectConfigurationPlatforms) = postSolution
		{BA27A75D-F6A1-4B14-B26A-8E66FDB36FB4}.Debug|Any CPU.ActiveCfg = Debug|Any CPU
		{BA27A75D-F6A1-4B14-B26A-8E66FDB36FB4}.Debug|Any CPU.Build.0 = Debug|Any CPU
		{BA27A75D-F6A1-4B14-B26A-8E66FDB36FB4}.Release|Any CPU.ActiveCfg = Release|Any CPU
		{BA27A75D-F6A1-4B14-B26A-8E66FDB36FB4}.Release|Any CPU.Build.0 = Release|Any CPU
	EndGlobalSection
	GlobalSection(SolutionProperties) = preSolution
		HideSolutionNode = FALSE
	EndGlobalSection
	GlobalSection(ExtensibilityGlobals) = postSolution
		SolutionGuid = {5E5DB7B6-FF1D-4219-A069-D5C1D23D1D7E}
	EndGlobalSection
EndGlobal
